
Microsoft Visual Studio Solution File, Format Version 12.00
# Visual Studio Version 17
VisualStudioVersion = 17.11.35312.102
MinimumVisualStudioVersion = 10.0.40219.1
Project("{FAE04EC0-301F-11D3-BF4B-00C04F79EFBC}") = "operacjeNaListach", "operacjeNaListach.csproj", "{20C433D6-EE76-43F9-8659-6DF8E7867ABD}"
EndProject
Global
	GlobalSection(SolutionConfigurationPlatforms) = preSolution
		Debug|Any CPU = Debug|Any CPU
		Release|Any CPU = Release|Any CPU
	EndGlobalSection
	GlobalSection(ProjectConfigurationPlatforms) = postSolution
		{20C433D6-EE76-43F9-8659-6DF8E7867ABD}.Debug|Any CPU.ActiveCfg = Debug|Any CPU
		{20C433D6-EE76-43F9-8659-6DF8E7867ABD}.Debug|Any CPU.Build.0 = Debug|Any CPU
		{20C433D6-EE76-43F9-8659-6DF8E7867ABD}.Release|Any CPU.ActiveCfg = Release|Any CPU
		{20C433D6-EE76-43F9-8659-6DF8E7867ABD}.Release|Any CPU.Build.0 = Release|Any CPU
	EndGlobalSection
	GlobalSection(SolutionProperties) = preSolution
		HideSolutionNode = FALSE
	EndGlobalSection
	GlobalSection(ExtensibilityGlobals) = postSolution
		SolutionGuid = {76BB8032-8DDE-4656-835D-4DEA88D54D65}
	EndGlobalSection
EndGlobal
